github.com/brettbuddin/musictheory v0.0.14 h1:j4Fn1ifg5ax/caYWQOuQx82zWNH6KE8/Hshvl8HQXx8=
github.com/brettbuddin/musictheory v0.0.14/go.mod h1:rrPjCLA8J3kNpnhCtDqQTwRu9LtCi5L2YpMmgF9QfqA=
github.com/c-bata/go-prompt v0.2.2 h1:uyKRz6Z6DUyj49QVijyM339UJV9yhbr70gESwbNU3e0=
github.com/c-bata/go-prompt v0.2.2/go.mod h1:VzqtzE2ksDBcdln8G7mk2RX9QyGjH+OVqOCSiVIqS34=
github.com/davecgh/go-spew v1.1.0 h1:ZDRjVQ15GmhC3fiQ8ni8+OwkZQO4DARzQgrnXU1Liz8=
github.com/davecgh/go-spew v1.1.0/go.mod h1:J7Y8YcW2NihsgmVo/mv3lAwl/skON4iLHjSsI+c5H38=
github.com/fatih/color v1.6.0 h1:66qjqZk8kalYAvDRtM1AdAJQI0tj4Wrue3Eq3B3pmFU=
github.com/fatih/color v1.6.0/go.mod h1:Zm6kSWBoL9eyXnKyktHP6abPY2pDugNf5KwzbycvMj4=
github.com/go-audio/audio v0.0.0-20180121091956-7baf9c12ef58 h1:y+E9/TCg+g6C8IacRoq5A85EmCJA+0xCTdRZa+ZPmkY=
github.com/go-audio/audio v0.0.0-20180121091956-7baf9c12ef58/go.mod h1:6uAu0+H2lHkwdGsAY+j2wHPNPpPoeg5AaEFh9FlA+Zs=
github.com/go-audio/wav v0.0.0-20180112234942-5a351b022b0c h1:aW9eF7YaRLtHq4LXRfYBy6tI/9n4WsLteMm2tXSbelM=
github.com/go-audio/wav v0.0.0-20180112234942-5a351b022b0c/go.mod h1:7Yks5lSvciOdNmfv+bndELyGXQSTxT3yVA3dsbk/sCE=
github.com/gordonklaus/portaudio v0.0.0-20170726193601-9d16a7dfd668 h1:sRHsEkKf4pu218u1KSdMuV1tegSsqoA0KuCHCHAqgf0=
github.com/gordonklaus/portaudio v0.0.0-20170726193601-9d16a7dfd668/go.mod h1:HfYnZi/ARQKG0dwH5HNDmPCHdLiFiBf+SI7DbhW7et4=
github.com/mattetti/audio v0.0.0-20171224025330-22c1d7c78180 h1:pEJVIeMo3xI+hT/MxOpPFBJfNnA8uQOrNsF21bLAn6o=
github.com/mattetti/audio v0.0.0-20171224025330-22c1d7c78180/go.mod h1:LlQmBGkOuV/SKzEDXBPKauvN2UqCgzXO2XjecTGj40s=
github.com/mattn/go-colorable v0.0.9 h1:UVL0vNpWh04HeJXV0KLcaT7r06gOH2l4OW6ddYRUIY4=
github.com/mattn/go-colorable v0.0.9/go.mod h1:9vuHe8Xs5qXnSaW/c/ABM9alt+Vo+STaOChaDxuIBZU=
github.com/mattn/go-isatty v0.0.3 h1:ns/ykhmWi7G9O+8a448SecJU3nSMBXJfqQkl0upE1jI=
github.com/mattn/go-isatty v0.0.3/go.mod h1:M+lRXTBqGeGNdLjl/ufCoiOlB5xdOkqRJdNxMWT7Zi4=
github.com/mattn/go-runewidth v0.0.3 h1:a+kO+98RDGEfo6asOGMmpodZq4FNtnGP54yps8BzLR4=
github.com/mattn/go-runewidth v0.0.3/go.mod h1:LwmH8dsx7+W8Uxz3IHJYH5QSwggIsqBzpuz5H//U1FU=
github.com/mattn/go-tty v0.0.0-20180219170247-931426f7535a h1:8TGB3DFRNl06DB1Q6zBX+I7FDoCUZY2fmMS9WGUIIpw=
github.com/mattn/go-tty v0.0.0-20180219170247-931426f7535a/go.mod h1:XPvLUNfbS4fJH25nqRHfWLMa1ONC8Amw+mIA639KxkE=
github.com/mitchellh/mapstructure v1.0.0 h1:vVpGvMXJPqSDh2VYHF7gsfQj8Ncx+Xw5Y1KHeTRY+7I=
github.com/mitchellh/mapstructure v1.0.0/go.mod h1:FVVH3fgwuzCH5S8UJGiWEs2h04kUh9fWfEaFds41c1Y=
github.com/pkg/term v0.0.0-20160705081919-b1f72af2d630 h1:ZX/9jeXxcLzjhf1Nld8Xx00p3KaxwHkO/wUmTFldenQ=
github.com/pkg/term v0.0.0-20160705081919-b1f72af2d630/go.mod h1:eCbImbZ95eXtAUIbLAuAVnBnwf83mjf6QIVH8SHYwqQ=
github.com/pmezard/go-difflib v1.0.0 h1:4DBwDE0NGyQoBHbLQYPwSUPoCMWR5BEzIk/f1lZbAQM=
github.com/pmezard/go-difflib v1.0.0/go.mod h1:iKH77koFhYxTK1pcRnkKkqfTogsbg7gZNVY4sRDYZ/4=
github.com/rakyll/portmidi v0.0.0-20170716032345-1246dd47c560 h1:LxQoLCD5lQzG48j4BYI6CnKNSbnXAL5KL1oZfempXcE=
github.com/rakyll/portmidi v0.0.0-20170716032345-1246dd47c560/go.mod h1:tO1ylmFo6+hnYFvj/fd92q30wkNQwgWC/8mcHq0KkQU=
github.com/stretchr/testify v1.2.1 h1:52QO5WkIUcHGIR7EnGagH88x1bUzqGXTC5/1bDTUQ7U=
github.com/stretchr/testify v1.2.1/go.mod h1:a8OnRcib4nhh0OaRAV+Yts87kKdq0PP7pXfy6kDkUVs=
golang.org/x/sys v0.1.0 h1:kunALQeHf1/185U1i0GOB/fy1IPRDDpuoOOqRReG57U=
golang.org/x/sys v0.1.0/go.mod h1:oPkhp1MJrh7nUepCBck5+mAzfO9JrbApNNgaTdGDITg=
gopkg.in/go-playground/assert.v1 v1.2.1 h1:xoYuJVE7KT85PYWrN730RguIQO0ePzVRfFMXadIrXTM=
gopkg.in/go-playground/assert.v1 v1.2.1/go.mod h1:9RXL0bg/zibRAgZUYszZSwO/z8Y/a8bDuhia5mkpMnE=
